// !$*UTF8*$!
{
	archiveVersion = 1;
	classes = {
	};
	objectVersion = 50;
	objects = {

/* Begin PBXBuildFile section */
		9ACE01B823F8F6DC00EF2EB2 /* Assets.xcassets in Resources */ = {isa = PBXBuildFile; fileRef = 9ACE01B723F8F6DC00EF2EB2 /* Assets.xcassets */; };
		9ACE01BF23F8F6DC00EF2EB2 /* Yoink iMessage Extension 2 MessagesExtension.appex in Embed App Extensions */ = {isa = PBXBuildFile; fileRef = 9ACE01BE23F8F6DC00EF2EB2 /* Yoink iMessage Extension 2 MessagesExtension.appex */; settings = {ATTRIBUTES = (RemoveHeadersOnCopy, ); }; };
		9ACE01C423F8F6DC00EF2EB2 /* Messages.framework in Frameworks */ = {isa = PBXBuildFile; fileRef = 9ACE01C323F8F6DC00EF2EB2 /* Messages.framework */; };
		9ACE01C723F8F6DC00EF2EB2 /* MessagesViewController.swift in Sources */ = {isa = PBXBuildFile; fileRef = 9ACE01C623F8F6DC00EF2EB2 /* MessagesViewController.swift */; };
		9ACE01CA23F8F6DC00EF2EB2 /* MainInterface.storyboard in Resources */ = {isa = PBXBuildFile; fileRef = 9ACE01C823F8F6DC00EF2EB2 /* MainInterface.storyboard */; };
		9ACE01CC23F8F6DD00EF2EB2 /* Assets.xcassets in Resources */ = {isa = PBXBuildFile; fileRef = 9ACE01CB23F8F6DD00EF2EB2 /* Assets.xcassets */; };
		9ACE01DB23F8F74600EF2EB2 /* SurveyInfo.swift in Sources */ = {isa = PBXBuildFile; fileRef = 9ACE01DA23F8F74600EF2EB2 /* SurveyInfo.swift */; };
		9ACE01DD23F8F75500EF2EB2 /* SurveyResponse.swift in Sources */ = {isa = PBXBuildFile; fileRef = 9ACE01DC23F8F75500EF2EB2 /* SurveyResponse.swift */; };
		9ACE01DF23F8F76800EF2EB2 /* SurveyCell.swift in Sources */ = {isa = PBXBuildFile; fileRef = 9ACE01DE23F8F76800EF2EB2 /* SurveyCell.swift */; };
		9ACE01E123F8F78700EF2EB2 /* AnswerTableViewCell.swift in Sources */ = {isa = PBXBuildFile; fileRef = 9ACE01E023F8F78700EF2EB2 /* AnswerTableViewCell.swift */; };
		9ACE01E323F8F79600EF2EB2 /* SurveyViewController.swift in Sources */ = {isa = PBXBuildFile; fileRef = 9ACE01E223F8F79600EF2EB2 /* SurveyViewController.swift */; };
		9ACE01E523F90CF300EF2EB2 /* DinnerStatusViewController.swift in Sources */ = {isa = PBXBuildFile; fileRef = 9ACE01E423F90CF300EF2EB2 /* DinnerStatusViewController.swift */; };
/* End PBXBuildFile section */

/* Begin PBXContainerItemProxy section */
		9ACE01C023F8F6DC00EF2EB2 /* PBXContainerItemProxy */ = {
			isa = PBXContainerItemProxy;
			containerPortal = 9ACE01AE23F8F6DC00EF2EB2 /* Project object */;
			proxyType = 1;
			remoteGlobalIDString = 9ACE01BD23F8F6DC00EF2EB2;
			remoteInfo = "Yoink iMessage Extension 2 MessagesExtension";
		};
/* End PBXContainerItemProxy section */

/* Begin PBXCopyFilesBuildPhase section */
		9ACE01D323F8F6DD00EF2EB2 /* Embed App Extensions */ = {
			isa = PBXCopyFilesBuildPhase;
			buildActionMask = 2147483647;
			dstPath = "";
			dstSubfolderSpec = 13;
			files = (
				9ACE01BF23F8F6DC00EF2EB2 /* Yoink iMessage Extension 2 MessagesExtension.appex in Embed App Extensions */,
			);
			name = "Embed App Extensions";
			runOnlyForDeploymentPostprocessing = 0;
		};
/* End PBXCopyFilesBuildPhase section */

/* Begin PBXFileReference section */
		9ACE01B423F8F6DC00EF2EB2 /* Yoink iMessage Extension 2.app */ = {isa = PBXFileReference; explicitFileType = wrapper.application; includeInIndex = 0; path = "Yoink iMessage Extension 2.app"; sourceTree = BUILT_PRODUCTS_DIR; };
		9ACE01B723F8F6DC00EF2EB2 /* Assets.xcassets */ = {isa = PBXFileReference; lastKnownFileType = folder.assetcatalog; path = Assets.xcassets; sourceTree = "<group>"; };
		9ACE01B923F8F6DC00EF2EB2 /* Info.plist */ = {isa = PBXFileReference; lastKnownFileType = text.plist.xml; path = Info.plist; sourceTree = "<group>"; };
		9ACE01BE23F8F6DC00EF2EB2 /* Yoink iMessage Extension 2 MessagesExtension.appex */ = {isa = PBXFileReference; explicitFileType = "wrapper.app-extension"; includeInIndex = 0; path = "Yoink iMessage Extension 2 MessagesExtension.appex"; sourceTree = BUILT_PRODUCTS_DIR; };
		9ACE01C323F8F6DC00EF2EB2 /* Messages.framework */ = {isa = PBXFileReference; lastKnownFileType = wrapper.framework; name = Messages.framework; path = System/Library/Frameworks/Messages.framework; sourceTree = SDKROOT; };
		9ACE01C623F8F6DC00EF2EB2 /* MessagesViewController.swift */ = {isa = PBXFileReference; lastKnownFileType = sourcecode.swift; path = MessagesViewController.swift; sourceTree = "<group>"; };
		9ACE01C923F8F6DC00EF2EB2 /* Base */ = {isa = PBXFileReference; lastKnownFileType = file.storyboard; name = Base; path = Base.lproj/MainInterface.storyboard; sourceTree = "<group>"; };
		9ACE01CB23F8F6DD00EF2EB2 /* Assets.xcassets */ = {isa = PBXFileReference; lastKnownFileType = folder.assetcatalog; path = Assets.xcassets; sourceTree = "<group>"; };
		9ACE01CD23F8F6DD00EF2EB2 /* Info.plist */ = {isa = PBXFileReference; lastKnownFileType = text.plist.xml; path = Info.plist; sourceTree = "<group>"; };
		9ACE01DA23F8F74600EF2EB2 /* SurveyInfo.swift */ = {isa = PBXFileReference; lastKnownFileType = sourcecode.swift; path = SurveyInfo.swift; sourceTree = "<group>"; };
		9ACE01DC23F8F75500EF2EB2 /* SurveyResponse.swift */ = {isa = PBXFileReference; lastKnownFileType = sourcecode.swift; path = SurveyResponse.swift; sourceTree = "<group>"; };
		9ACE01DE23F8F76800EF2EB2 /* SurveyCell.swift */ = {isa = PBXFileReference; lastKnownFileType = sourcecode.swift; path = SurveyCell.swift; sourceTree = "<group>"; };
		9ACE01E023F8F78700EF2EB2 /* AnswerTableViewCell.swift */ = {isa = PBXFileReference; lastKnownFileType = sourcecode.swift; path = AnswerTableViewCell.swift; sourceTree = "<group>"; };
		9ACE01E223F8F79600EF2EB2 /* SurveyViewController.swift */ = {isa = PBXFileReference; lastKnownFileType = sourcecode.swift; path = SurveyViewController.swift; sourceTree = "<group>"; };
		9ACE01E423F90CF300EF2EB2 /* DinnerStatusViewController.swift */ = {isa = PBXFileReference; lastKnownFileType = sourcecode.swift; path = DinnerStatusViewController.swift; sourceTree = "<group>"; };
/* End PBXFileReference section */

/* Begin PBXFrameworksBuildPhase section */
		9ACE01BB23F8F6DC00EF2EB2 /* Frameworks */ = {
			isa = PBXFrameworksBuildPhase;
			buildActionMask = 2147483647;
			files = (
				9ACE01C423F8F6DC00EF2EB2 /* Messages.framework in Frameworks */,
			);
			runOnlyForDeploymentPostprocessing = 0;
		};
/* End PBXFrameworksBuildPhase section */

/* Begin PBXGroup section */
		9ACE01AD23F8F6DC00EF2EB2 = {
			isa = PBXGroup;
			children = (
				9ACE01B623F8F6DC00EF2EB2 /* Yoink iMessage Extension 2 */,
				9ACE01C523F8F6DC00EF2EB2 /* Yoink iMessage Extension 2 MessagesExtension */,
				9ACE01C223F8F6DC00EF2EB2 /* Frameworks */,
				9ACE01B523F8F6DC00EF2EB2 /* Products */,
			);
			sourceTree = "<group>";
		};
		9ACE01B523F8F6DC00EF2EB2 /* Products */ = {
			isa = PBXGroup;
			children = (
				9ACE01B423F8F6DC00EF2EB2 /* Yoink iMessage Extension 2.app */,
				9ACE01BE23F8F6DC00EF2EB2 /* Yoink iMessage Extension 2 MessagesExtension.appex */,
			);
			name = Products;
			sourceTree = "<group>";
		};
		9ACE01B623F8F6DC00EF2EB2 /* Yoink iMessage Extension 2 */ = {
			isa = PBXGroup;
			children = (
				9ACE01B723F8F6DC00EF2EB2 /* Assets.xcassets */,
				9ACE01B923F8F6DC00EF2EB2 /* Info.plist */,
			);
			path = "Yoink iMessage Extension 2";
			sourceTree = "<group>";
		};
		9ACE01C223F8F6DC00EF2EB2 /* Frameworks */ = {
			isa = PBXGroup;
			children = (
				9ACE01C323F8F6DC00EF2EB2 /* Messages.framework */,
			);
			name = Frameworks;
			sourceTree = "<group>";
		};
		9ACE01C523F8F6DC00EF2EB2 /* Yoink iMessage Extension 2 MessagesExtension */ = {
			isa = PBXGroup;
			children = (
				9ACE01D923F8F73600EF2EB2 /* Model */,
				9ACE01D823F8F73300EF2EB2 /* View */,
				9ACE01D723F8F73000EF2EB2 /* Controller */,
				9ACE01CB23F8F6DD00EF2EB2 /* Assets.xcassets */,
				9ACE01CD23F8F6DD00EF2EB2 /* Info.plist */,
			);
			path = "Yoink iMessage Extension 2 MessagesExtension";
			sourceTree = "<group>";
		};
		9ACE01D723F8F73000EF2EB2 /* Controller */ = {
			isa = PBXGroup;
			children = (
				9ACE01C623F8F6DC00EF2EB2 /* MessagesViewController.swift */,
				9ACE01E223F8F79600EF2EB2 /* SurveyViewController.swift */,
				9ACE01E423F90CF300EF2EB2 /* DinnerStatusViewController.swift */,
			);
			path = Controller;
			sourceTree = "<group>";
		};
		9ACE01D823F8F73300EF2EB2 /* View */ = {
			isa = PBXGroup;
			children = (
				9ACE01DE23F8F76800EF2EB2 /* SurveyCell.swift */,
				9ACE01E023F8F78700EF2EB2 /* AnswerTableViewCell.swift */,
				9ACE01C823F8F6DC00EF2EB2 /* MainInterface.storyboard */,
			);
			path = View;
			sourceTree = "<group>";
		};
		9ACE01D923F8F73600EF2EB2 /* Model */ = {
			isa = PBXGroup;
			children = (
				9ACE01DA23F8F74600EF2EB2 /* SurveyInfo.swift */,
				9ACE01DC23F8F75500EF2EB2 /* SurveyResponse.swift */,
			);
			path = Model;
			sourceTree = "<group>";
		};
/* End PBXGroup section */

/* Begin PBXNativeTarget section */
		9ACE01B323F8F6DC00EF2EB2 /* Yoink iMessage Extension 2 */ = {
			isa = PBXNativeTarget;
			buildConfigurationList = 9ACE01D423F8F6DD00EF2EB2 /* Build configuration list for PBXNativeTarget "Yoink iMessage Extension 2" */;
			buildPhases = (
				9ACE01B223F8F6DC00EF2EB2 /* Resources */,
				9ACE01D323F8F6DD00EF2EB2 /* Embed App Extensions */,
			);
			buildRules = (
			);
			dependencies = (
				9ACE01C123F8F6DC00EF2EB2 /* PBXTargetDependency */,
			);
			name = "Yoink iMessage Extension 2";
			productName = "Yoink iMessage Extension 2";
			productReference = 9ACE01B423F8F6DC00EF2EB2 /* Yoink iMessage Extension 2.app */;
			productType = "com.apple.product-type.application.messages";
		};
		9ACE01BD23F8F6DC00EF2EB2 /* Yoink iMessage Extension 2 MessagesExtension */ = {
			isa = PBXNativeTarget;
			buildConfigurationList = 9ACE01D023F8F6DD00EF2EB2 /* Build configuration list for PBXNativeTarget "Yoink iMessage Extension 2 MessagesExtension" */;
			buildPhases = (
				9ACE01BA23F8F6DC00EF2EB2 /* Sources */,
				9ACE01BB23F8F6DC00EF2EB2 /* Frameworks */,
				9ACE01BC23F8F6DC00EF2EB2 /* Resources */,
			);
			buildRules = (
			);
			dependencies = (
			);
			name = "Yoink iMessage Extension 2 MessagesExtension";
			productName = "Yoink iMessage Extension 2 MessagesExtension";
			productReference = 9ACE01BE23F8F6DC00EF2EB2 /* Yoink iMessage Extension 2 MessagesExtension.appex */;
			productType = "com.apple.product-type.app-extension.messages";
		};
/* End PBXNativeTarget section */

/* Begin PBXProject section */
		9ACE01AE23F8F6DC00EF2EB2 /* Project object */ = {
			isa = PBXProject;
			attributes = {
				LastSwiftUpdateCheck = 1130;
				LastUpgradeCheck = 1130;
				ORGANIZATIONNAME = "Luke Tchang";
				TargetAttributes = {
					9ACE01B323F8F6DC00EF2EB2 = {
						CreatedOnToolsVersion = 11.3.1;
					};
					9ACE01BD23F8F6DC00EF2EB2 = {
						CreatedOnToolsVersion = 11.3.1;
					};
				};
			};
			buildConfigurationList = 9ACE01B123F8F6DC00EF2EB2 /* Build configuration list for PBXProject "Yoink iMessage Extension 2" */;
			compatibilityVersion = "Xcode 9.3";
			developmentRegion = en;
			hasScannedForEncodings = 0;
			knownRegions = (
				en,
				Base,
			);
			mainGroup = 9ACE01AD23F8F6DC00EF2EB2;
			productRefGroup = 9ACE01B523F8F6DC00EF2EB2 /* Products */;
			projectDirPath = "";
			projectRoot = "";
			targets = (
				9ACE01B323F8F6DC00EF2EB2 /* Yoink iMessage Extension 2 */,
				9ACE01BD23F8F6DC00EF2EB2 /* Yoink iMessage Extension 2 MessagesExtension */,
			);
		};
/* End PBXProject section */

/* Begin PBXResourcesBuildPhase section */
		9ACE01B223F8F6DC00EF2EB2 /* Resources */ = {
			isa = PBXResourcesBuildPhase;
			buildActionMask = 2147483647;
			files = (
				9ACE01B823F8F6DC00EF2EB2 /* Assets.xcassets in Resources */,
			);
			runOnlyForDeploymentPostprocessing = 0;
		};
		9ACE01BC23F8F6DC00EF2EB2 /* Resources */ = {
			isa = PBXResourcesBuildPhase;
			buildActionMask = 2147483647;
			files = (
				9ACE01CC23F8F6DD00EF2EB2 /* Assets.xcassets in Resources */,
				9ACE01CA23F8F6DC00EF2EB2 /* MainInterface.storyboard in Resources */,
			);
			runOnlyForDeploymentPostprocessing = 0;
		};
/* End PBXResourcesBuildPhase section */

/* Begin PBXSourcesBuildPhase section */
		9ACE01BA23F8F6DC00EF2EB2 /* Sources */ = {
			isa = PBXSourcesBuildPhase;
			buildActionMask = 2147483647;
			files = (
				9ACE01C723F8F6DC00EF2EB2 /* MessagesViewController.swift in Sources */,
				9ACE01DF23F8F76800EF2EB2 /* SurveyCell.swift in Sources */,
				9ACE01E523F90CF300EF2EB2 /* DinnerStatusViewController.swift in Sources */,
				9ACE01DB23F8F74600EF2EB2 /* SurveyInfo.swift in Sources */,
				9ACE01E123F8F78700EF2EB2 /* AnswerTableViewCell.swift in Sources */,
				9ACE01E323F8F79600EF2EB2 /* SurveyViewController.swift in Sources */,
				9ACE01DD23F8F75500EF2EB2 /* SurveyResponse.swift in Sources */,
			);
			runOnlyForDeploymentPostprocessing = 0;
		};
/* End PBXSourcesBuildPhase section */

/* Begin PBXTargetDependency section */
		9ACE01C123F8F6DC00EF2EB2 /* PBXTargetDependency */ = {
			isa = PBXTargetDependency;
			target = 9ACE01BD23F8F6DC00EF2EB2 /* Yoink iMessage Extension 2 MessagesExtension */;
			targetProxy = 9ACE01C023F8F6DC00EF2EB2 /* PBXContainerItemProxy */;
		};
/* End PBXTargetDependency section */

/* Begin PBXVariantGroup section */
		9ACE01C823F8F6DC00EF2EB2 /* MainInterface.storyboard */ = {
			isa = PBXVariantGroup;
			children = (
				9ACE01C923F8F6DC00EF2EB2 /* Base */,
			);
			name = MainInterface.storyboard;
			sourceTree = "<group>";
		};
/* End PBXVariantGroup section */

/* Begin XCBuildConfiguration section */
		9ACE01CE23F8F6DD00EF2EB2 /* Debug */ = {
			isa = XCBuildConfiguration;
			buildSettings = {
				ALWAYS_SEARCH_USER_PATHS = NO;
				CLANG_ANALYZER_NONNULL = YES;
				CLANG_ANALYZER_NUMBER_OBJECT_CONVERSION = YES_AGGRESSIVE;
				CLANG_CXX_LANGUAGE_STANDARD = "gnu++14";
				CLANG_CXX_LIBRARY = "libc++";
				CLANG_ENABLE_MODULES = YES;
				CLANG_ENABLE_OBJC_ARC = YES;
				CLANG_ENABLE_OBJC_WEAK = YES;
				CLANG_WARN_BLOCK_CAPTURE_AUTORELEASING = YES;
				CLANG_WARN_BOOL_CONVERSION = YES;
				CLANG_WARN_COMMA = YES;
				CLANG_WARN_CONSTANT_CONVERSION = YES;
				CLANG_WARN_DEPRECATED_OBJC_IMPLEMENTATIONS = YES;
				CLANG_WARN_DIRECT_OBJC_ISA_USAGE = YES_ERROR;
				CLANG_WARN_DOCUMENTATION_COMMENTS = YES;
				CLANG_WARN_EMPTY_BODY = YES;
				CLANG_WARN_ENUM_CONVERSION = YES;
				CLANG_WARN_INFINITE_RECURSION = YES;
				CLANG_WARN_INT_CONVERSION = YES;
				CLANG_WARN_NON_LITERAL_NULL_CONVERSION = YES;
				CLANG_WARN_OBJC_IMPLICIT_RETAIN_SELF = YES;
				CLANG_WARN_OBJC_LITERAL_CONVERSION = YES;
				CLANG_WARN_OBJC_ROOT_CLASS = YES_ERROR;
				CLANG_WARN_RANGE_LOOP_ANALYSIS = YES;
				CLANG_WARN_STRICT_PROTOTYPES = YES;
				CLANG_WARN_SUSPICIOUS_MOVE = YES;
				CLANG_WARN_UNGUARDED_AVAILABILITY = YES_AGGRESSIVE;
				CLANG_WARN_UNREACHABLE_CODE = YES;
				CLANG_WARN__DUPLICATE_METHOD_MATCH = YES;
				COPY_PHASE_STRIP = NO;
				DEBUG_INFORMATION_FORMAT = dwarf;
				ENABLE_STRICT_OBJC_MSGSEND = YES;
				ENABLE_TESTABILITY = YES;
				GCC_C_LANGUAGE_STANDARD = gnu11;
				GCC_DYNAMIC_NO_PIC = NO;
				GCC_NO_COMMON_BLOCKS = YES;
				GCC_OPTIMIZATION_LEVEL = 0;
				GCC_PREPROCESSOR_DEFINITIONS = (
					"DEBUG=1",
					"$(inherited)",
				);
				GCC_WARN_64_TO_32_BIT_CONVERSION = YES;
				GCC_WARN_ABOUT_RETURN_TYPE = YES_ERROR;
				GCC_WARN_UNDECLARED_SELECTOR = YES;
				GCC_WARN_UNINITIALIZED_AUTOS = YES_AGGRESSIVE;
				GCC_WARN_UNUSED_FUNCTION = YES;
				GCC_WARN_UNUSED_VARIABLE = YES;
				IPHONEOS_DEPLOYMENT_TARGET = 13.2;
				MTL_ENABLE_DEBUG_INFO = INCLUDE_SOURCE;
				MTL_FAST_MATH = YES;
				ONLY_ACTIVE_ARCH = YES;
				SDKROOT = iphoneos;
				SWIFT_ACTIVE_COMPILATION_CONDITIONS = DEBUG;
				SWIFT_OPTIMIZATION_LEVEL = "-Onone";
			};
			name = Debug;
		};
		9ACE01CF23F8F6DD00EF2EB2 /* Release */ = {
			isa = XCBuildConfiguration;
			buildSettings = {
				ALWAYS_SEARCH_USER_PATHS = NO;
				CLANG_ANALYZER_NONNULL = YES;
				CLANG_ANALYZER_NUMBER_OBJECT_CONVERSION = YES_AGGRESSIVE;
				CLANG_CXX_LANGUAGE_STANDARD = "gnu++14";
				CLANG_CXX_LIBRARY = "libc++";
				CLANG_ENABLE_MODULES = YES;
				CLANG_ENABLE_OBJC_ARC = YES;
				CLANG_ENABLE_OBJC_WEAK = YES;
				CLANG_WARN_BLOCK_CAPTURE_AUTORELEASING = YES;
				CLANG_WARN_BOOL_CONVERSION = YES;
				CLANG_WARN_COMMA = YES;
				CLANG_WARN_CONSTANT_CONVERSION = YES;
				CLANG_WARN_DEPRECATED_OBJC_IMPLEMENTATIONS = YES;
				CLANG_WARN_DIRECT_OBJC_ISA_USAGE = YES_ERROR;
				CLANG_WARN_DOCUMENTATION_COMMENTS = YES;
				CLANG_WARN_EMPTY_BODY = YES;
				CLANG_WARN_ENUM_CONVERSION = YES;
				CLANG_WARN_INFINITE_RECURSION = YES;
				CLANG_WARN_INT_CONVERSION = YES;
				CLANG_WARN_NON_LITERAL_NULL_CONVERSION = YES;
				CLANG_WARN_OBJC_IMPLICIT_RETAIN_SELF = YES;
				CLANG_WARN_OBJC_LITERAL_CONVERSION = YES;
				CLANG_WARN_OBJC_ROOT_CLASS = YES_ERROR;
				CLANG_WARN_RANGE_LOOP_ANALYSIS = YES;
				CLANG_WARN_STRICT_PROTOTYPES = YES;
				CLANG_WARN_SUSPICIOUS_MOVE = YES;
				CLANG_WARN_UNGUARDED_AVAILABILITY = YES_AGGRESSIVE;
				CLANG_WARN_UNREACHABLE_CODE = YES;
				CLANG_WARN__DUPLICATE_METHOD_MATCH = YES;
				COPY_PHASE_STRIP = NO;
				DEBUG_INFORMATION_FORMAT = "dwarf-with-dsym";
				ENABLE_NS_ASSERTIONS = NO;
				ENABLE_STRICT_OBJC_MSGSEND = YES;
				GCC_C_LANGUAGE_STANDARD = gnu11;
				GCC_NO_COMMON_BLOCKS = YES;
				GCC_WARN_64_TO_32_BIT_CONVERSION = YES;
				GCC_WARN_ABOUT_RETURN_TYPE = YES_ERROR;
				GCC_WARN_UNDECLARED_SELECTOR = YES;
				GCC_WARN_UNINITIALIZED_AUTOS = YES_AGGRESSIVE;
				GCC_WARN_UNUSED_FUNCTION = YES;
				GCC_WARN_UNUSED_VARIABLE = YES;
				IPHONEOS_DEPLOYMENT_TARGET = 13.2;
				MTL_ENABLE_DEBUG_INFO = NO;
				MTL_FAST_MATH = YES;
				SDKROOT = iphoneos;
				SWIFT_COMPILATION_MODE = wholemodule;
				SWIFT_OPTIMIZATION_LEVEL = "-O";
				VALIDATE_PRODUCT = YES;
			};
			name = Release;
		};
		9ACE01D123F8F6DD00EF2EB2 /* Debug */ = {
			isa = XCBuildConfiguration;
			buildSettings = {
				ASSETCATALOG_COMPILER_APPICON_NAME = "iMessage App Icon";
				CODE_SIGN_STYLE = Automatic;
				DEVELOPMENT_TEAM = 5CSG8QT94D;
				INFOPLIST_FILE = "Yoink iMessage Extension 2 MessagesExtension/Info.plist";
				LD_RUNPATH_SEARCH_PATHS = (
					"$(inherited)",
					"@executable_path/Frameworks",
					"@executable_path/../../Frameworks",
				);
				PRODUCT_BUNDLE_IDENTIFIER = "com.luketchang.Yoink-iMessage-Extension-2.MessagesExtension";
				PRODUCT_NAME = "$(TARGET_NAME)";
				SKIP_INSTALL = YES;
				SWIFT_VERSION = 5.0;
				TARGETED_DEVICE_FAMILY = "1,2";
			};
			name = Debug;
		};
		9ACE01D223F8F6DD00EF2EB2 /* Release */ = {
			isa = XCBuildConfiguration;
			buildSettings = {
				ASSETCATALOG_COMPILER_APPICON_NAME = "iMessage App Icon";
				CODE_SIGN_STYLE = Automatic;
				DEVELOPMENT_TEAM = 5CSG8QT94D;
				INFOPLIST_FILE = "Yoink iMessage Extension 2 MessagesExtension/Info.plist";
				LD_RUNPATH_SEARCH_PATHS = (
					"$(inherited)",
					"@executable_path/Frameworks",
					"@executable_path/../../Frameworks",
				);
				PRODUCT_BUNDLE_IDENTIFIER = "com.luketchang.Yoink-iMessage-Extension-2.MessagesExtension";
				PRODUCT_NAME = "$(TARGET_NAME)";
				SKIP_INSTALL = YES;
				SWIFT_VERSION = 5.0;
				TARGETED_DEVICE_FAMILY = "1,2";
			};
			name = Release;
		};
		9ACE01D523F8F6DD00EF2EB2 /* Debug */ = {
			isa = XCBuildConfiguration;
			buildSettings = {
				ALWAYS_EMBED_SWIFT_STANDARD_LIBRARIES = YES;
				ASSETCATALOG_COMPILER_APPICON_NAME = AppIcon;
				CODE_SIGN_STYLE = Automatic;
				DEVELOPMENT_TEAM = 5CSG8QT94D;
				INFOPLIST_FILE = "Yoink iMessage Extension 2/Info.plist";
				PRODUCT_BUNDLE_IDENTIFIER = "com.luketchang.Yoink-iMessage-Extension-2";
				PRODUCT_NAME = "$(TARGET_NAME)";
				SWIFT_VERSION = 5.0;
				TARGETED_DEVICE_FAMILY = "1,2";
			};
			name = Debug;
		};
		9ACE01D623F8F6DD00EF2EB2 /* Release */ = {
			isa = XCBuildConfiguration;
			buildSettings = {
				ALWAYS_EMBED_SWIFT_STANDARD_LIBRARIES = YES;
				ASSETCATALOG_COMPILER_APPICON_NAME = AppIcon;
				CODE_SIGN_STYLE = Automatic;
				DEVELOPMENT_TEAM = 5CSG8QT94D;
				INFOPLIST_FILE = "Yoink iMessage Extension 2/Info.plist";
				PRODUCT_BUNDLE_IDENTIFIER = "com.luketchang.Yoink-iMessage-Extension-2";
				PRODUCT_NAME = "$(TARGET_NAME)";
				SWIFT_VERSION = 5.0;
				TARGETED_DEVICE_FAMILY = "1,2";
			};
			name = Release;
		};
/* End XCBuildConfiguration section */

/* Begin XCConfigurationList section */
		9ACE01B123F8F6DC00EF2EB2 /* Build configuration list for PBXProject "Yoink iMessage Extension 2" */ = {
			isa = XCConfigurationList;
			buildConfigurations = (
				9ACE01CE23F8F6DD00EF2EB2 /* Debug */,
				9ACE01CF23F8F6DD00EF2EB2 /* Release */,
			);
			defaultConfigurationIsVisible = 0;
			defaultConfigurationName = Release;
		};
		9ACE01D023F8F6DD00EF2EB2 /* Build configuration list for PBXNativeTarget "Yoink iMessage Extension 2 MessagesExtension" */ = {
			isa = XCConfigurationList;
			buildConfigurations = (
				9ACE01D123F8F6DD00EF2EB2 /* Debug */,
				9ACE01D223F8F6DD00EF2EB2 /* Release */,
			);
			defaultConfigurationIsVisible = 0;
			defaultConfigurationName = Release;
		};
		9ACE01D423F8F6DD00EF2EB2 /* Build configuration list for PBXNativeTarget "Yoink iMessage Extension 2" */ = {
			isa = XCConfigurationList;
			buildConfigurations = (
				9ACE01D523F8F6DD00EF2EB2 /* Debug */,
				9ACE01D623F8F6DD00EF2EB2 /* Release */,
			);
			defaultConfigurationIsVisible = 0;
			defaultConfigurationName = Release;
		};
/* End XCConfigurationList section */
	};
	rootObject = 9ACE01AE23F8F6DC00EF2EB2 /* Project object */;
}
